# This file is autogenerated, do not edit; changes may be undone by the next 'dep ensure'.


[[projects]]
  name = "github.com/aws/aws-lambda-go"
  packages = ["events"]
  revision = "4d30d0ff60440c2d0480a15747c96ee71c3c53d4"
  version = "v1.2.0"

[[projects]]
  name = "github.com/influxdata/influxdb"
  packages = [
    "client/v2",
    "models",
    "pkg/escape"
  ]
  revision = "62ab18a0f43ee342b84debaaae5486b8b2d8682c"
  version = "v1.6.0"

[solve-meta]
  analyzer-name = "dep"
  analyzer-version = 1
  inputs-digest = "0fcc8ab6db67277a96851725893e6fad794cccdfbb8c59f6fbee1149a1aacdef"
  solver-name = "gps-cdcl"
  solver-version = 1
