# This file is autogenerated, do not edit; changes may be undone by the next 'dep ensure'.


[[projects]]
  name = "github.com/aws/aws-lambda-go"
  packages = ["events"]
  revision = "4d30d0ff60440c2d0480a15747c96ee71c3c53d4"
  version = "v1.2.0"

[[projects]]
  name = "github.com/imdario/mergo"
  packages = ["."]
  revision = "9f23e2d6bd2a77f959b2bf6acdbefd708a83a4a4"
  version = "v0.3.6"

[[projects]]
  name = "github.com/influxdata/influxdb"
  packages = [
    "client/v2",
    "models",
    "pkg/escape"
  ]
  revision = "62ab18a0f43ee342b84debaaae5486b8b2d8682c"
  version = "v1.6.0"

[solve-meta]
  analyzer-name = "dep"
  analyzer-version = 1
  inputs-digest = "307c116dbef6200b85bad197eec08960663e8d0c96321f872a0232b7b5a8f5e6"
  solver-name = "gps-cdcl"
  solver-version = 1
